{
  "requires": true,
  "lockfileVersion": 1,
  "dependencies": {
    "@babel/helper-validator-identifier": {
      "version": "7.12.11",
      "resolved": "https://registry.npmjs.org/@babel/helper-validator-identifier/-/helper-validator-identifier-7.12.11.tgz",
      "integrity": "sha512-np/lG3uARFybkoHokJUmf1QfEvRVCPbmQeUQpKow5cQ3xWrV9i3rUHodKDJPQfTVX61qKi+UdYk8kik84n7XOw==",
      "dev": true
    },
    "@babel/parser": {
      "version": "7.13.9",
      "resolved": "https://registry.npmjs.org/@babel/parser/-/parser-7.13.9.tgz",
      "integrity": "sha512-nEUfRiARCcaVo3ny3ZQjURjHQZUo/JkEw7rLlSZy/psWGnvwXFtPcr6jb7Yb41DVW5LTe6KRq9LGleRNsg1Frw==",
      "dev": true
    },
    "@babel/types": {
      "version": "7.13.0",
      "resolved": "https://registry.npmjs.org/@babel/types/-/types-7.13.0.tgz",
      "integrity": "sha512-hE+HE8rnG1Z6Wzo+MhaKE5lM5eMx71T4EHJgku2E3xIfaULhDcxiiRxUYgwX8qwP1BBSlag+TdGOt6JAidIZTA==",
      "dev": true,
      "requires": {
        "@babel/helper-validator-identifier": "^7.12.11",
        "lodash": "^4.17.19",
        "to-fast-properties": "^2.0.0"
      }
    },
    "@jest/types": {
      "version": "26.6.2",
      "resolved": "https://registry.npmjs.org/@jest/types/-/types-26.6.2.tgz",
      "integrity": "sha512-fC6QCp7Sc5sX6g8Tvbmj4XUTbyrik0akgRy03yjXbQaBWWNWGE7SGtJk98m0N8nzegD/7SggrUlivxo5ax4KWQ==",
      "dev": true,
      "requires": {
        "@types/istanbul-lib-coverage": "^2.0.0",
        "@types/istanbul-reports": "^3.0.0",
        "@types/node": "*",
        "@types/yargs": "^15.0.0",
        "chalk": "^4.0.0"
      }
    },
    "@types/anymatch": {
      "version": "1.3.1",
      "resolved": "https://registry.npmjs.org/@types/anymatch/-/anymatch-1.3.1.tgz",
      "integrity": "sha512-/+CRPXpBDpo2RK9C68N3b2cOvO0Cf5B9aPijHsoDQTHivnGSObdOF2BRQOYjojWTDy6nQvMjmqRXIxH55VjxxA==",
      "dev": true
    },
    "@types/babel-core": {
      "version": "6.25.6",
      "resolved": "https://registry.npmjs.org/@types/babel-core/-/babel-core-6.25.6.tgz",
      "integrity": "sha512-OzYuLL6Lw0wpE8qXFIuyS0GsagzCr3beo/+AIttM7slM9cUhbgHjU3oWvgVE+uOhcZYS4NesBilF2iZj3gM4LQ==",
      "dev": true,
      "requires": {
        "@types/babel-generator": "*",
        "@types/babel-template": "*",
        "@types/babel-traverse": "*",
        "@types/babel-types": "*",
        "@types/babylon": "*"
      }
    },
    "@types/babel-generator": {
      "version": "6.25.3",
      "resolved": "https://registry.npmjs.org/@types/babel-generator/-/babel-generator-6.25.3.tgz",
      "integrity": "sha512-pGgnuxVddKcYIc+VJkRDop7gxLhqclNKBdlsm/5Vp8d+37pQkkDK7fef8d9YYImRzw9xcojEPc18pUYnbxmjqA==",
      "dev": true,
      "requires": {
        "@types/babel-types": "*"
      }
    },
    "@types/babel-template": {
      "version": "6.25.2",
      "resolved": "https://registry.npmjs.org/@types/babel-template/-/babel-template-6.25.2.tgz",
      "integrity": "sha512-QKtDQRJmAz3Y1HSxfMl0syIHebMc/NnOeH/8qeD0zjgU2juD0uyC922biMxCy5xjTNvHinigML2l8kxE8eEBmw==",
      "dev": true,
      "requires": {
        "@types/babel-types": "*",
        "@types/babylon": "*"
      }
    },
    "@types/babel-traverse": {
      "version": "6.25.5",
      "resolved": "https://registry.npmjs.org/@types/babel-traverse/-/babel-traverse-6.25.5.tgz",
      "integrity": "sha512-WrMbwmu+MWf8FiUMbmVOGkc7bHPzndUafn1CivMaBHthBBoo0VNIcYk1KV71UovYguhsNOwf3UF5oRmkkGOU3w==",
      "dev": true,
      "requires": {
        "@types/babel-types": "*"
      }
    },
    "@types/babel-types": {
      "version": "7.0.9",
      "resolved": "https://registry.npmjs.org/@types/babel-types/-/babel-types-7.0.9.tgz",
      "integrity": "sha512-qZLoYeXSTgQuK1h7QQS16hqLGdmqtRmN8w/rl3Au/l5x/zkHx+a4VHrHyBsi1I1vtK2oBHxSzKIu0R5p6spdOA==",
      "dev": true
    },
    "@types/babel__core": {
      "version": "7.1.12",
      "resolved": "https://registry.npmjs.org/@types/babel__core/-/babel__core-7.1.12.tgz",
      "integrity": "sha512-wMTHiiTiBAAPebqaPiPDLFA4LYPKr6Ph0Xq/6rq1Ur3v66HXyG+clfR9CNETkD7MQS8ZHvpQOtA53DLws5WAEQ==",
      "dev": true,
      "requires": {
        "@babel/parser": "^7.1.0",
        "@babel/types": "^7.0.0",
        "@types/babel__generator": "*",
        "@types/babel__template": "*",
        "@types/babel__traverse": "*"
      }
    },
    "@types/babel__generator": {
      "version": "7.6.2",
      "resolved": "https://registry.npmjs.org/@types/babel__generator/-/babel__generator-7.6.2.tgz",
      "integrity": "sha512-MdSJnBjl+bdwkLskZ3NGFp9YcXGx5ggLpQQPqtgakVhsWK0hTtNYhjpZLlWQTviGTvF8at+Bvli3jV7faPdgeQ==",
      "dev": true,
      "requires": {
        "@babel/types": "^7.0.0"
      }
    },
    "@types/babel__preset-env": {
      "version": "7.9.1",
      "resolved": "https://registry.npmjs.org/@types/babel__preset-env/-/babel__preset-env-7.9.1.tgz",
      "integrity": "sha512-kkCHo5fk24m3gcH7oVhRLdw6xGF2tog5rc8/CbXIyTSYSO0NhStjEYCaEmRjs5VB5Jy5Wbj+0QvuGdxuGdvAfQ==",
      "dev": true
    },
    "@types/babel__template": {
      "version": "7.4.0",
      "resolved": "https://registry.npmjs.org/@types/babel__template/-/babel__template-7.4.0.tgz",
      "integrity": "sha512-NTPErx4/FiPCGScH7foPyr+/1Dkzkni+rHiYHHoTjvwou7AQzJkNeD60A9CXRy+ZEN2B1bggmkTMCDb+Mv5k+A==",
      "dev": true,
      "requires": {
        "@babel/parser": "^7.1.0",
        "@babel/types": "^7.0.0"
      }
    },
    "@types/babel__traverse": {
      "version": "7.11.0",
      "resolved": "https://registry.npmjs.org/@types/babel__traverse/-/babel__traverse-7.11.0.tgz",
      "integrity": "sha512-kSjgDMZONiIfSH1Nxcr5JIRMwUetDki63FSQfpTCz8ogF3Ulqm8+mr5f78dUYs6vMiB6gBusQqfQmBvHZj/lwg==",
      "dev": true,
      "requires": {
        "@babel/types": "^7.3.0"
      }
    },
    "@types/babylon": {
      "version": "6.16.5",
      "resolved": "https://registry.npmjs.org/@types/babylon/-/babylon-6.16.5.tgz",
      "integrity": "sha512-xH2e58elpj1X4ynnKp9qSnWlsRTIs6n3tgLGNfwAGHwePw0mulHQllV34n0T25uYSu1k0hRKkWXF890B1yS47w==",
      "dev": true,
      "requires": {
        "@types/babel-types": "*"
      }
    },
    "@types/body-parser": {
      "version": "1.19.0",
      "resolved": "https://registry.npmjs.org/@types/body-parser/-/body-parser-1.19.0.tgz",
      "integrity": "sha512-W98JrE0j2K78swW4ukqMleo8R7h/pFETjM2DQ90MF6XK2i4LO4W3gQ71Lt4w3bfm2EvVSyWHplECvB5sK22yFQ==",
      "dev": true,
      "requires": {
        "@types/connect": "*",
        "@types/node": "*"
      }
    },
    "@types/cheerio": {
      "version": "0.22.24",
      "resolved": "https://registry.npmjs.org/@types/cheerio/-/cheerio-0.22.24.tgz",
      "integrity": "sha512-iKXt/cwltGvN06Dd6zwQG1U35edPwId9lmcSeYfcxSNvvNg4vysnFB+iBQNjj06tSVV7MBj0GWMQ7dwb4Z+p8Q==",
      "dev": true,
      "requires": {
        "@types/node": "*"
      }
    },
    "@types/clean-css": {
      "version": "4.2.3",
      "resolved": "https://registry.npmjs.org/@types/clean-css/-/clean-css-4.2.3.tgz",
      "integrity": "sha512-ET0ldU/vpXecy5vO8JRIhtJWSrk1vzXdJcp3Bjf8bARZynl6vfkhEKY/A7njfNIRlmyTGuVFuqnD6I3tOGdXpQ==",
      "dev": true,
      "requires": {
        "@types/node": "*",
        "source-map": "^0.6.0"
      }
    },
    "@types/connect": {
      "version": "3.4.34",
      "resolved": "https://registry.npmjs.org/@types/connect/-/connect-3.4.34.tgz",
      "integrity": "sha512-ePPA/JuI+X0vb+gSWlPKOY0NdNAie/rPUqX2GUPpbZwiKTkSPhjXWuee47E4MtE54QVzGCQMQkAL6JhV2E1+cQ==",
      "dev": true,
      "requires": {
        "@types/node": "*"
      }
    },
    "@types/connect-history-api-fallback": {
      "version": "1.3.3",
      "resolved": "https://registry.npmjs.org/@types/connect-history-api-fallback/-/connect-history-api-fallback-1.3.3.tgz",
      "integrity": "sha512-7SxFCd+FLlxCfwVwbyPxbR4khL9aNikJhrorw8nUIOqeuooc9gifBuDQOJw5kzN7i6i3vLn9G8Wde/4QDihpYw==",
      "dev": true,
      "requires": {
        "@types/express-serve-static-core": "*",
        "@types/node": "*"
      }
    },
    "@types/enzyme": {
      "version": "3.10.8",
      "resolved": "https://registry.npmjs.org/@types/enzyme/-/enzyme-3.10.8.tgz",
      "integrity": "sha512-vlOuzqsTHxog6PV79+tvOHFb6hq4QZKMq1lLD9MaWD1oec2lHTKndn76XOpSwCA0oFTaIbKVPrgM3k78Jjd16g==",
      "dev": true,
      "requires": {
        "@types/cheerio": "*",
        "@types/react": "*"
      }
    },
    "@types/enzyme-adapter-react-16": {
      "version": "1.0.6",
      "resolved": "https://registry.npmjs.org/@types/enzyme-adapter-react-16/-/enzyme-adapter-react-16-1.0.6.tgz",
      "integrity": "sha512-VonDkZ15jzqDWL8mPFIQnnLtjwebuL9YnDkqeCDYnB4IVgwUm0mwKkqhrxLL6mb05xm7qqa3IE95m8CZE9imCg==",
      "dev": true,
      "requires": {
        "@types/enzyme": "*"
      }
    },
    "@types/enzyme-to-json": {
      "version": "1.5.4",
      "resolved": "https://registry.npmjs.org/@types/enzyme-to-json/-/enzyme-to-json-1.5.4.tgz",
      "integrity": "sha512-fVVzq0fYyzv+P/elB0HtTIpltNXK8Fs4LxGpTdQQ6cQMPNbVm3aZQkCYalBfZip2hTo8kNLtGTH8phP+Pi2FOw==",
      "dev": true,
      "requires": {
        "@types/enzyme": "*"
      }
    },
    "@types/express": {
      "version": "4.17.11",
      "resolved": "https://registry.npmjs.org/@types/express/-/express-4.17.11.tgz",
      "integrity": "sha512-no+R6rW60JEc59977wIxreQVsIEOAYwgCqldrA/vkpCnbD7MqTefO97lmoBe4WE0F156bC4uLSP1XHDOySnChg==",
      "dev": true,
      "requires": {
        "@types/body-parser": "*",
        "@types/express-serve-static-core": "^4.17.18",
        "@types/qs": "*",
        "@types/serve-static": "*"
      }
    },
    "@types/express-serve-static-core": {
      "version": "4.17.18",
      "resolved": "https://registry.npmjs.org/@types/express-serve-static-core/-/express-serve-static-core-4.17.18.tgz",
      "integrity": "sha512-m4JTwx5RUBNZvky/JJ8swEJPKFd8si08pPF2PfizYjGZOKr/svUWPcoUmLow6MmPzhasphB7gSTINY67xn3JNA==",
      "dev": true,
      "requires": {
        "@types/node": "*",
        "@types/qs": "*",
        "@types/range-parser": "*"
      }
    },
    "@types/html-minifier": {
      "version": "4.0.0",
      "resolved": "https://registry.npmjs.org/@types/html-minifier/-/html-minifier-4.0.0.tgz",
      "integrity": "sha512-eFnGhrKmjWBlnSGNtunetE3UU2Tc/LUl92htFslSSTmpp9EKHQVcYQadCyYfnzUEFB5G/3wLWo/USQS/mEPKrA==",
      "dev": true,
      "requires": {
        "@types/clean-css": "*",
        "@types/relateurl": "*",
        "@types/uglify-js": "*"
      }
    },
    "@types/html-webpack-plugin": {
      "version": "3.2.4",
      "resolved": "https://registry.npmjs.org/@types/html-webpack-plugin/-/html-webpack-plugin-3.2.4.tgz",
      "integrity": "sha512-WM0s78bfCIXnTlICf+8nWP0IvP+fn4YfiI3uxAX1K1PSRpzs0iysp03j4zR0xTgxSqF67TbOsHs49YXonRAkeQ==",
      "dev": true,
      "requires": {
        "@types/html-minifier": "*",
        "@types/tapable": "*",
        "@types/webpack": "*"
      }
    },
    "@types/http-proxy": {
      "version": "1.17.5",
      "resolved": "https://registry.npmjs.org/@types/http-proxy/-/http-proxy-1.17.5.tgz",
      "integrity": "sha512-GNkDE7bTv6Sf8JbV2GksknKOsk7OznNYHSdrtvPJXO0qJ9odZig6IZKUi5RFGi6d1bf6dgIAe4uXi3DBc7069Q==",
      "dev": true,
      "requires": {
        "@types/node": "*"
      }
    },
    "@types/http-proxy-middleware": {
      "version": "0.19.3",
      "resolved": "https://registry.npmjs.org/@types/http-proxy-middleware/-/http-proxy-middleware-0.19.3.tgz",
      "integrity": "sha512-lnBTx6HCOUeIJMLbI/LaL5EmdKLhczJY5oeXZpX/cXE4rRqb3RmV7VcMpiEfYkmTjipv3h7IAyIINe4plEv7cA==",
      "dev": true,
      "requires": {
        "@types/connect": "*",
        "@types/http-proxy": "*",
        "@types/node": "*"
      }
    },
    "@types/istanbul-lib-coverage": {
      "version": "2.0.3",
      "resolved": "https://registry.npmjs.org/@types/istanbul-lib-coverage/-/istanbul-lib-coverage-2.0.3.tgz",
      "integrity": "sha512-sz7iLqvVUg1gIedBOvlkxPlc8/uVzyS5OwGz1cKjXzkl3FpL3al0crU8YGU1WoHkxn0Wxbw5tyi6hvzJKNzFsw==",
      "dev": true
    },
    "@types/istanbul-lib-report": {
      "version": "3.0.0",
      "resolved": "https://registry.npmjs.org/@types/istanbul-lib-report/-/istanbul-lib-report-3.0.0.tgz",
      "integrity": "sha512-plGgXAPfVKFoYfa9NpYDAkseG+g6Jr294RqeqcqDixSbU34MZVJRi/P+7Y8GDpzkEwLaGZZOpKIEmeVZNtKsrg==",
      "dev": true,
      "requires": {
        "@types/istanbul-lib-coverage": "*"
      }
    },
    "@types/istanbul-reports": {
      "version": "3.0.0",
      "resolved": "https://registry.npmjs.org/@types/istanbul-reports/-/istanbul-reports-3.0.0.tgz",
      "integrity": "sha512-nwKNbvnwJ2/mndE9ItP/zc2TCzw6uuodnF4EHYWD+gCQDVBuRQL5UzbZD0/ezy1iKsFU2ZQiDqg4M9dN4+wZgA==",
      "dev": true,
      "requires": {
        "@types/istanbul-lib-report": "*"
      }
    },
    "@types/jest": {
      "version": "26.0.20",
      "resolved": "https://registry.npmjs.org/@types/jest/-/jest-26.0.20.tgz",
      "integrity": "sha512-9zi2Y+5USJRxd0FsahERhBwlcvFh6D2GLQnY2FH2BzK8J9s9omvNHIbvABwIluXa0fD8XVKMLTO0aOEuUfACAA==",
      "dev": true,
      "requires": {
        "jest-diff": "^26.0.0",
        "pretty-format": "^26.0.0"
      }
    },
    "@types/mime": {
      "version": "1.3.2",
      "resolved": "https://registry.npmjs.org/@types/mime/-/mime-1.3.2.tgz",
      "integrity": "sha512-YATxVxgRqNH6nHEIsvg6k2Boc1JHI9ZbH5iWFFv/MTkchz3b1ieGDa5T0a9RznNdI0KhVbdbWSN+KWWrQZRxTw==",
      "dev": true
    },
    "@types/node": {
      "version": "14.14.32",
      "resolved": "https://registry.npmjs.org/@types/node/-/node-14.14.32.tgz",
      "integrity": "sha512-/Ctrftx/zp4m8JOujM5ZhwzlWLx22nbQJiVqz8/zE15gOeEW+uly3FSX4fGFpcfEvFzXcMCJwq9lGVWgyARXhg==",
      "dev": true
    },
    "@types/prop-types": {
      "version": "15.7.3",
      "resolved": "https://registry.npmjs.org/@types/prop-types/-/prop-types-15.7.3.tgz",
      "integrity": "sha512-KfRL3PuHmqQLOG+2tGpRO26Ctg+Cq1E01D2DMriKEATHgWLfeNDmq9e29Q9WIky0dQ3NPkd1mzYH8Lm936Z9qw==",
      "dev": true
    },
    "@types/qs": {
      "version": "6.9.6",
      "resolved": "https://registry.npmjs.org/@types/qs/-/qs-6.9.6.tgz",
      "integrity": "sha512-0/HnwIfW4ki2D8L8c9GVcG5I72s9jP5GSLVF0VIXDW00kmIpA6O33G7a8n59Tmh7Nz0WUC3rSb7PTY/sdW2JzA==",
      "dev": true
    },
    "@types/range-parser": {
      "version": "1.2.3",
      "resolved": "https://registry.npmjs.org/@types/range-parser/-/range-parser-1.2.3.tgz",
      "integrity": "sha512-ewFXqrQHlFsgc09MK5jP5iR7vumV/BYayNC6PgJO2LPe8vrnNFyjQjSppfEngITi0qvfKtzFvgKymGheFM9UOA==",
      "dev": true
    },
    "@types/react": {
      "version": "17.0.3",
      "resolved": "https://registry.npmjs.org/@types/react/-/react-17.0.3.tgz",
      "integrity": "sha512-wYOUxIgs2HZZ0ACNiIayItyluADNbONl7kt8lkLjVK8IitMH5QMyAh75Fwhmo37r1m7L2JaFj03sIfxBVDvRAg==",
      "dev": true,
      "requires": {
        "@types/prop-types": "*",
        "@types/scheduler": "*",
        "csstype": "^3.0.2"
      }
    },
    "@types/react-dom": {
      "version": "17.0.1",
      "resolved": "https://registry.npmjs.org/@types/react-dom/-/react-dom-17.0.1.tgz",
      "integrity": "sha512-yIVyopxQb8IDZ7SOHeTovurFq+fXiPICa+GV3gp0Xedsl+MwQlMLKmvrnEjFbQxjliH5YVAEWFh975eVNmKj7Q==",
      "dev": true,
      "requires": {
        "@types/react": "*"
      }
    },
    "@types/react-test-renderer": {
      "version": "17.0.1",
      "resolved": "https://registry.npmjs.org/@types/react-test-renderer/-/react-test-renderer-17.0.1.tgz",
      "integrity": "sha512-3Fi2O6Zzq/f3QR9dRnlnHso9bMl7weKCviFmfF6B4LS1Uat6Hkm15k0ZAQuDz+UBq6B3+g+NM6IT2nr5QgPzCw==",
      "dev": true,
      "requires": {
        "@types/react": "*"
      }
    },
    "@types/relateurl": {
      "version": "0.2.28",
      "resolved": "https://registry.npmjs.org/@types/relateurl/-/relateurl-0.2.28.tgz",
      "integrity": "sha1-a9p9uGU/piZD9e5p6facEaOS46Y=",
      "dev": true
    },
    "@types/scheduler": {
      "version": "0.16.1",
      "resolved": "https://registry.npmjs.org/@types/scheduler/-/scheduler-0.16.1.tgz",
      "integrity": "sha512-EaCxbanVeyxDRTQBkdLb3Bvl/HK7PBK6UJjsSixB0iHKoWxE5uu2Q/DgtpOhPIojN0Zl1whvOd7PoHs2P0s5eA==",
      "dev": true
    },
    "@types/serve-static": {
      "version": "1.13.9",
      "resolved": "https://registry.npmjs.org/@types/serve-static/-/serve-static-1.13.9.tgz",
      "integrity": "sha512-ZFqF6qa48XsPdjXV5Gsz0Zqmux2PerNd3a/ktL45mHpa19cuMi/cL8tcxdAx497yRh+QtYPuofjT9oWw9P7nkA==",
      "dev": true,
      "requires": {
        "@types/mime": "^1",
        "@types/node": "*"
      }
    },
    "@types/source-list-map": {
      "version": "0.1.2",
      "resolved": "https://registry.npmjs.org/@types/source-list-map/-/source-list-map-0.1.2.tgz",
      "integrity": "sha512-K5K+yml8LTo9bWJI/rECfIPrGgxdpeNbj+d53lwN4QjW1MCwlkhUms+gtdzigTeUyBr09+u8BwOIY3MXvHdcsA==",
      "dev": true
    },
    "@types/tapable": {
      "version": "1.0.6",
      "resolved": "https://registry.npmjs.org/@types/tapable/-/tapable-1.0.6.tgz",
      "integrity": "sha512-W+bw9ds02rAQaMvaLYxAbJ6cvguW/iJXNT6lTssS1ps6QdrMKttqEAMEG/b5CR8TZl3/L7/lH0ZV5nNR1LXikA==",
      "dev": true
    },
    "@types/uglify-js": {
      "version": "3.13.0",
      "resolved": "https://registry.npmjs.org/@types/uglify-js/-/uglify-js-3.13.0.tgz",
      "integrity": "sha512-EGkrJD5Uy+Pg0NUR8uA4bJ5WMfljyad0G+784vLCNUkD+QwOJXUbBYExXfVGf7YtyzdQp3L/XMYcliB987kL5Q==",
      "dev": true,
      "requires": {
        "source-map": "^0.6.1"
      }
    },
    "@types/webpack": {
      "version": "4.41.26",
      "resolved": "https://registry.npmjs.org/@types/webpack/-/webpack-4.41.26.tgz",
      "integrity": "sha512-7ZyTfxjCRwexh+EJFwRUM+CDB2XvgHl4vfuqf1ZKrgGvcS5BrNvPQqJh3tsZ0P6h6Aa1qClVHaJZszLPzpqHeA==",
      "dev": true,
      "requires": {
        "@types/anymatch": "*",
        "@types/node": "*",
        "@types/tapable": "*",
        "@types/uglify-js": "*",
        "@types/webpack-sources": "*",
        "source-map": "^0.6.0"
      }
    },
    "@types/webpack-dev-server": {
      "version": "3.11.1",
      "resolved": "https://registry.npmjs.org/@types/webpack-dev-server/-/webpack-dev-server-3.11.1.tgz",
      "integrity": "sha512-rIb+LtUkKnh7+oIJm3WiMJONd71Q0lZuqGLcSqhZ5qjN9gV/CNmZe7Bai+brnBPZ/KVYOsr+4bFLiNZwjBicLw==",
      "dev": true,
      "requires": {
        "@types/connect-history-api-fallback": "*",
        "@types/express": "*",
        "@types/http-proxy-middleware": "*",
        "@types/serve-static": "*",
        "@types/webpack": "*"
      }
    },
    "@types/webpack-sources": {
      "version": "2.1.0",
      "resolved": "https://registry.npmjs.org/@types/webpack-sources/-/webpack-sources-2.1.0.tgz",
      "integrity": "sha512-LXn/oYIpBeucgP1EIJbKQ2/4ZmpvRl+dlrFdX7+94SKRUV3Evy3FsfMZY318vGhkWUS5MPhtOM3w1/hCOAOXcg==",
      "dev": true,
      "requires": {
        "@types/node": "*",
        "@types/source-list-map": "*",
        "source-map": "^0.7.3"
      },
      "dependencies": {
        "source-map": {
          "version": "0.7.3",
          "resolved": "https://registry.npmjs.org/source-map/-/source-map-0.7.3.tgz",
          "integrity": "sha512-CkCj6giN3S+n9qrYiBTX5gystlENnRW5jZeNLHpe6aue+SrHcG5VYwujhW9s4dY31mEGsxBDrHR6oI69fTXsaQ==",
          "dev": true
        }
      }
    },
    "@types/yargs": {
      "version": "15.0.13",
      "resolved": "https://registry.npmjs.org/@types/yargs/-/yargs-15.0.13.tgz",
      "integrity": "sha512-kQ5JNTrbDv3Rp5X2n/iUu37IJBDU2gsZ5R/g1/KHOOEc5IKfUFjXT6DENPGduh08I/pamwtEq4oul7gUqKTQDQ==",
      "dev": true,
      "requires": {
        "@types/yargs-parser": "*"
      }
    },
    "@types/yargs-parser": {
      "version": "20.2.0",
      "resolved": "https://registry.npmjs.org/@types/yargs-parser/-/yargs-parser-20.2.0.tgz",
      "integrity": "sha512-37RSHht+gzzgYeobbG+KWryeAW8J33Nhr69cjTqSYymXVZEN9NbRYWoYlRtDhHKPVT1FyNKwaTPC1NynKZpzRA==",
      "dev": true
    },
    "ansi-regex": {
      "version": "5.0.0",
      "resolved": "https://registry.npmjs.org/ansi-regex/-/ansi-regex-5.0.0.tgz",
      "integrity": "sha512-bY6fj56OUQ0hU1KjFNDQuJFezqKdrAyFdIevADiqrWHwSlbmBNMHp5ak2f40Pm8JTFyM2mqxkG6ngkHO11f/lg==",
      "dev": true
    },
    "ansi-styles": {
      "version": "4.3.0",
      "resolved": "https://registry.npmjs.org/ansi-styles/-/ansi-styles-4.3.0.tgz",
      "integrity": "sha512-zbB9rCJAT1rbjiVDb2hqKFHNYLxgtk8NURxZ3IZwD3F6NtxbXZQCnnSi1Lkx+IDohdPlFp222wVALIheZJQSEg==",
      "dev": true,
      "requires": {
        "color-convert": "^2.0.1"
      }
    },
    "chalk": {
      "version": "4.1.0",
      "resolved": "https://registry.npmjs.org/chalk/-/chalk-4.1.0.tgz",
      "integrity": "sha512-qwx12AxXe2Q5xQ43Ac//I6v5aXTipYrSESdOgzrN+9XjgEpyjpKuvSGaN4qE93f7TQTlerQQ8S+EQ0EyDoVL1A==",
      "dev": true,
      "requires": {
        "ansi-styles": "^4.1.0",
        "supports-color": "^7.1.0"
      }
    },
    "color-convert": {
      "version": "2.0.1",
      "resolved": "https://registry.npmjs.org/color-convert/-/color-convert-2.0.1.tgz",
      "integrity": "sha512-RRECPsj7iu/xb5oKYcsFHSppFNnsj/52OVTRKb4zP5onXwVF3zVmmToNcOfGC+CRDpfK/U584fMg38ZHCaElKQ==",
      "dev": true,
      "requires": {
        "color-name": "~1.1.4"
      }
    },
    "color-name": {
      "version": "1.1.4",
      "resolved": "https://registry.npmjs.org/color-name/-/color-name-1.1.4.tgz",
      "integrity": "sha512-dOy+3AuW3a2wNbZHIuMZpTcgjGuLU/uBL/ubcZF9OXbDo8ff4O8yVp5Bf0efS8uEoYo5q4Fx7dY9OgQGXgAsQA==",
      "dev": true
    },
    "csstype": {
      "version": "3.0.7",
      "resolved": "https://registry.npmjs.org/csstype/-/csstype-3.0.7.tgz",
      "integrity": "sha512-KxnUB0ZMlnUWCsx2Z8MUsr6qV6ja1w9ArPErJaJaF8a5SOWoHLIszeCTKGRGRgtLgYrs1E8CHkNSP1VZTTPc9g==",
      "dev": true
    },
    "diff-sequences": {
      "version": "26.6.2",
      "resolved": "https://registry.npmjs.org/diff-sequences/-/diff-sequences-26.6.2.tgz",
      "integrity": "sha512-Mv/TDa3nZ9sbc5soK+OoA74BsS3mL37yixCvUAQkiuA4Wz6YtwP/K47n2rv2ovzHZvoiQeA5FTQOschKkEwB0Q==",
      "dev": true
    },
    "has-flag": {
      "version": "4.0.0",
      "resolved": "https://registry.npmjs.org/has-flag/-/has-flag-4.0.0.tgz",
      "integrity": "sha512-EykJT/Q1KjTWctppgIAgfSO0tKVuZUjhgMr17kqTumMl6Afv3EISleU7qZUzoXDFTAHTDC4NOoG/ZxU3EvlMPQ==",
      "dev": true
    },
    "jest-diff": {
      "version": "26.6.2",
      "resolved": "https://registry.npmjs.org/jest-diff/-/jest-diff-26.6.2.tgz",
      "integrity": "sha512-6m+9Z3Gv9wN0WFVasqjCL/06+EFCMTqDEUl/b87HYK2rAPTyfz4ZIuSlPhY51PIQRWx5TaxeF1qmXKe9gfN3sA==",
      "dev": true,
      "requires": {
        "chalk": "^4.0.0",
        "diff-sequences": "^26.6.2",
        "jest-get-type": "^26.3.0",
        "pretty-format": "^26.6.2"
      }
    },
    "jest-get-type": {
      "version": "26.3.0",
      "resolved": "https://registry.npmjs.org/jest-get-type/-/jest-get-type-26.3.0.tgz",
      "integrity": "sha512-TpfaviN1R2pQWkIihlfEanwOXK0zcxrKEE4MlU6Tn7keoXdN6/3gK/xl0yEh8DOunn5pOVGKf8hB4R9gVh04ig==",
      "dev": true
    },
    "lodash": {
      "version": "4.17.21",
      "resolved": "https://registry.npmjs.org/lodash/-/lodash-4.17.21.tgz",
      "integrity": "sha512-v2kDEe57lecTulaDIuNTPy3Ry4gLGJ6Z1O3vE1krgXZNrsQ+LFTGHVxVjcXPs17LhbZVGedAJv8XZ1tvj5FvSg==",
      "dev": true
    },
    "pretty-format": {
      "version": "26.6.2",
      "resolved": "https://registry.npmjs.org/pretty-format/-/pretty-format-26.6.2.tgz",
      "integrity": "sha512-7AeGuCYNGmycyQbCqd/3PWH4eOoX/OiCa0uphp57NVTeAGdJGaAliecxwBDHYQCIvrW7aDBZCYeNTP/WX69mkg==",
      "dev": true,
      "requires": {
        "@jest/types": "^26.6.2",
        "ansi-regex": "^5.0.0",
        "ansi-styles": "^4.0.0",
        "react-is": "^17.0.1"
      }
    },
    "react-is": {
      "version": "17.0.1",
      "resolved": "https://registry.npmjs.org/react-is/-/react-is-17.0.1.tgz",
      "integrity": "sha512-NAnt2iGDXohE5LI7uBnLnqvLQMtzhkiAOLXTmv+qnF9Ky7xAPcX8Up/xWIhxvLVGJvuLiNc4xQLtuqDRzb4fSA==",
      "dev": true
    },
    "source-map": {
      "version": "0.6.1",
      "resolved": "https://registry.npmjs.org/source-map/-/source-map-0.6.1.tgz",
      "integrity": "sha512-UjgapumWlbMhkBgzT7Ykc5YXUT46F0iKu8SGXq0bcwP5dz/h0Plj6enJqjz1Zbq2l5WaqYnrVbwWOWMyF3F47g==",
      "dev": true
    },
    "supports-color": {
      "version": "7.2.0",
      "resolved": "https://registry.npmjs.org/supports-color/-/supports-color-7.2.0.tgz",
      "integrity": "sha512-qpCAvRl9stuOHveKsn7HncJRvv501qIacKzQlO/+Lwxc9+0q2wLyv4Dfvt80/DPn2pqOBsJdDiogXGR9+OvwRw==",
      "dev": true,
      "requires": {
        "has-flag": "^4.0.0"
      }
    },
    "to-fast-properties": {
      "version": "2.0.0",
      "resolved": "https://registry.npmjs.org/to-fast-properties/-/to-fast-properties-2.0.0.tgz",
      "integrity": "sha1-3F5pjL0HkmW8c+A3doGk5Og/YW4=",
      "dev": true
    },
    "types-registry": {
      "version": "0.1.533",
      "resolved": "https://registry.npmjs.org/types-registry/-/types-registry-0.1.533.tgz",
      "integrity": "sha512-acEDqbBXWYr6xyHHvxbgyIrPjFCnHwJDKijqQuuKQ6YwWiHF3Wi06wJe8vzZwky9zwUXiXoXGqRdIN3Ji1s+8Q=="
    }
  }
}
